
Microsoft Visual Studio Solution File, Format Version 12.00
# Visual Studio Version 17
VisualStudioVersion = 17.8.34601.278
MinimumVisualStudioVersion = 10.0.40219.1
Project("{FAE04EC0-301F-11D3-BF4B-00C04F79EFBC}") = "PlaylistManager", "PlaylistManager\PlaylistManager.csproj", "{9E7B2052-216F-4EDD-8962-A3467B325A6A}"
EndProject
Global
	GlobalSection(SolutionConfigurationPlatforms) = preSolution
		Debug|Any CPU = Debug|Any CPU
		Release|Any CPU = Release|Any CPU
	EndGlobalSection
	GlobalSection(ProjectConfigurationPlatforms) = postSolution
		{9E7B2052-216F-4EDD-8962-A3467B325A6A}.Debug|Any CPU.ActiveCfg = Debug|Any CPU
		{9E7B2052-216F-4EDD-8962-A3467B325A6A}.Debug|Any CPU.Build.0 = Debug|Any CPU
		{9E7B2052-216F-4EDD-8962-A3467B325A6A}.Release|Any CPU.ActiveCfg = Release|Any CPU
		{9E7B2052-216F-4EDD-8962-A3467B325A6A}.Release|Any CPU.Build.0 = Release|Any CPU
	EndGlobalSection
	GlobalSection(SolutionProperties) = preSolution
		HideSolutionNode = FALSE
	EndGlobalSection
	GlobalSection(ExtensibilityGlobals) = postSolution
		SolutionGuid = {74038256-8B40-48D7-A333-10C7F4D95ED6}
	EndGlobalSection
EndGlobal
